// !$*UTF8*$!
{
	archiveVersion = 1;
	classes = {
	};
	objectVersion = 46;
	objects = {

/* Begin PBXBuildFile section */
		7EF11BCC1BB3939000A551CC /* AppDelegate.swift in Sources */ = {isa = PBXBuildFile; fileRef = 7EF11BCB1BB3939000A551CC /* AppDelegate.swift */; };
		7EF11BCE1BB3939000A551CC /* ViewController.swift in Sources */ = {isa = PBXBuildFile; fileRef = 7EF11BCD1BB3939000A551CC /* ViewController.swift */; };
		7EF11BD11BB3939000A551CC /* Main.storyboard in Resources */ = {isa = PBXBuildFile; fileRef = 7EF11BCF1BB3939000A551CC /* Main.storyboard */; };
		7EF11BD31BB3939000A551CC /* Assets.xcassets in Resources */ = {isa = PBXBuildFile; fileRef = 7EF11BD21BB3939000A551CC /* Assets.xcassets */; };
		7EF11BD61BB3939000A551CC /* LaunchScreen.storyboard in Resources */ = {isa = PBXBuildFile; fileRef = 7EF11BD41BB3939000A551CC /* LaunchScreen.storyboard */; };
/* End PBXBuildFile section */

/* Begin PBXFileReference section */
		7EF11BC81BB3939000A551CC /* iOS9-NewAPI-3DTouch-PeekAndPop-Example.app */ = {isa = PBXFileReference; explicitFileType = wrapper.application; includeInIndex = 0; path = "iOS9-NewAPI-3DTouch-PeekAndPop-Example.app"; sourceTree = BUILT_PRODUCTS_DIR; };
		7EF11BCB1BB3939000A551CC /* AppDelegate.swift */ = {isa = PBXFileReference; lastKnownFileType = sourcecode.swift; path = AppDelegate.swift; sourceTree = "<group>"; };
		7EF11BCD1BB3939000A551CC /* ViewController.swift */ = {isa = PBXFileReference; lastKnownFileType = sourcecode.swift; path = ViewController.swift; sourceTree = "<group>"; };
		7EF11BD01BB3939000A551CC /* Base */ = {isa = PBXFileReference; lastKnownFileType = file.storyboard; name = Base; path = Base.lproj/Main.storyboard; sourceTree = "<group>"; };
		7EF11BD21BB3939000A551CC /* Assets.xcassets */ = {isa = PBXFileReference; lastKnownFileType = folder.assetcatalog; path = Assets.xcassets; sourceTree = "<group>"; };
		7EF11BD51BB3939000A551CC /* Base */ = {isa = PBXFileReference; lastKnownFileType = file.storyboard; name = Base; path = Base.lproj/LaunchScreen.storyboard; sourceTree = "<group>"; };
		7EF11BD71BB3939000A551CC /* Info.plist */ = {isa = PBXFileReference; lastKnownFileType = text.plist.xml; path = Info.plist; sourceTree = "<group>"; };
/* End PBXFileReference section */

/* Begin PBXFrameworksBuildPhase section */
		7EF11BC51BB3939000A551CC /* Frameworks */ = {
			isa = PBXFrameworksBuildPhase;
			buildActionMask = 2147483647;
			files = (
			);
			runOnlyForDeploymentPostprocessing = 0;
		};
/* End PBXFrameworksBuildPhase section */

/* Begin PBXGroup section */
		7EF11BBF1BB3939000A551CC = {
			isa = PBXGroup;
			children = (
				7EF11BCA1BB3939000A551CC /* iOS9-NewAPI-3DTouch-PeekAndPop-Example */,
				7EF11BC91BB3939000A551CC /* Products */,
			);
			sourceTree = "<group>";
		};
		7EF11BC91BB3939000A551CC /* Products */ = {
			isa = PBXGroup;
			children = (
				7EF11BC81BB3939000A551CC /* iOS9-NewAPI-3DTouch-PeekAndPop-Example.app */,
			);
			name = Products;
			sourceTree = "<group>";
		};
		7EF11BCA1BB3939000A551CC /* iOS9-NewAPI-3DTouch-PeekAndPop-Example */ = {
			isa = PBXGroup;
			children = (
				7EF11BCB1BB3939000A551CC /* AppDelegate.swift */,
				7EF11BCD1BB3939000A551CC /* ViewController.swift */,
				7EF11BCF1BB3939000A551CC /* Main.storyboard */,
				7EF11BD21BB3939000A551CC /* Assets.xcassets */,
				7EF11BD41BB3939000A551CC /* LaunchScreen.storyboard */,
				7EF11BD71BB3939000A551CC /* Info.plist */,
			);
			path = "iOS9-NewAPI-3DTouch-PeekAndPop-Example";
			sourceTree = "<group>";
		};
/* End PBXGroup section */

/* Begin PBXNativeTarget section */
		7EF11BC71BB3939000A551CC /* iOS9-NewAPI-3DTouch-PeekAndPop-Example */ = {
			isa = PBXNativeTarget;
			buildConfigurationList = 7EF11BDA1BB3939000A551CC /* Build configuration list for PBXNativeTarget "iOS9-NewAPI-3DTouch-PeekAndPop-Example" */;
			buildPhases = (
				7EF11BC41BB3939000A551CC /* Sources */,
				7EF11BC51BB3939000A551CC /* Frameworks */,
				7EF11BC61BB3939000A551CC /* Resources */,
			);
			buildRules = (
			);
			dependencies = (
			);
			name = "iOS9-NewAPI-3DTouch-PeekAndPop-Example";
			productName = "iOS9-NewAPI-3DTouch-PeekAndPop-Example";
			productReference = 7EF11BC81BB3939000A551CC /* iOS9-NewAPI-3DTouch-PeekAndPop-Example.app */;
			productType = "com.apple.product-type.application";
		};
/* End PBXNativeTarget section */

/* Begin PBXProject section */
		7EF11BC01BB3939000A551CC /* Project object */ = {
			isa = PBXProject;
			attributes = {
				LastUpgradeCheck = 0700;
				ORGANIZATIONNAME = Sweefties;
				TargetAttributes = {
					7EF11BC71BB3939000A551CC = {
						CreatedOnToolsVersion = 7.0;
					};
				};
			};
			buildConfigurationList = 7EF11BC31BB3939000A551CC /* Build configuration list for PBXProject "iOS9-NewAPI-3DTouch-PeekAndPop-Example" */;
			compatibilityVersion = "Xcode 3.2";
			developmentRegion = English;
			hasScannedForEncodings = 0;
			knownRegions = (
				en,
				Base,
			);
			mainGroup = 7EF11BBF1BB3939000A551CC;
			productRefGroup = 7EF11BC91BB3939000A551CC /* Products */;
			projectDirPath = "";
			projectRoot = "";
			targets = (
				7EF11BC71BB3939000A551CC /* iOS9-NewAPI-3DTouch-PeekAndPop-Example */,
			);
		};
/* End PBXProject section */

/* Begin PBXResourcesBuildPhase section */
		7EF11BC61BB3939000A551CC /* Resources */ = {
			isa = PBXResourcesBuildPhase;
			buildActionMask = 2147483647;
			files = (
				7EF11BD61BB3939000A551CC /* LaunchScreen.storyboard in Resources */,
				7EF11BD31BB3939000A551CC /* Assets.xcassets in Resources */,
				7EF11BD11BB3939000A551CC /* Main.storyboard in Resources */,
			);
			runOnlyForDeploymentPostprocessing = 0;
		};
/* End PBXResourcesBuildPhase section */

/* Begin PBXSourcesBuildPhase section */
		7EF11BC41BB3939000A551CC /* Sources */ = {
			isa = PBXSourcesBuildPhase;
			buildActionMask = 2147483647;
			files = (
				7EF11BCE1BB3939000A551CC /* ViewController.swift in Sources */,
				7EF11BCC1BB3939000A551CC /* AppDelegate.swift in Sources */,
			);
			runOnlyForDeploymentPostprocessing = 0;
		};
/* End PBXSourcesBuildPhase section */

/* Begin PBXVariantGroup section */
		7EF11BCF1BB3939000A551CC /* Main.storyboard */ = {
			isa = PBXVariantGroup;
			children = (
				7EF11BD01BB3939000A551CC /* Base */,
			);
			name = Main.storyboard;
			sourceTree = "<group>";
		};
		7EF11BD41BB3939000A551CC /* LaunchScreen.storyboard */ = {
			isa = PBXVariantGroup;
			children = (
				7EF11BD51BB3939000A551CC /* Base */,
			);
			name = LaunchScreen.storyboard;
			sourceTree = "<group>";
		};
/* End PBXVariantGroup section */

/* Begin XCBuildConfiguration section */
		7EF11BD81BB3939000A551CC /* Debug */ = {
			isa = XCBuildConfiguration;
			buildSettings = {
				ALWAYS_SEARCH_USER_PATHS = NO;
				CLANG_CXX_LANGUAGE_STANDARD = "gnu++0x";
				CLANG_CXX_LIBRARY = "libc++";
				CLANG_ENABLE_MODULES = YES;
				CLANG_ENABLE_OBJC_ARC = YES;
				CLANG_WARN_BOOL_CONVERSION = YES;
				CLANG_WARN_CONSTANT_CONVERSION = YES;
				CLANG_WARN_DIRECT_OBJC_ISA_USAGE = YES_ERROR;
				CLANG_WARN_EMPTY_BODY = YES;
				CLANG_WARN_ENUM_CONVERSION = YES;
				CLANG_WARN_INT_CONVERSION = YES;
				CLANG_WARN_OBJC_ROOT_CLASS = YES_ERROR;
				CLANG_WARN_UNREACHABLE_CODE = YES;
				CLANG_WARN__DUPLICATE_METHOD_MATCH = YES;
				"CODE_SIGN_IDENTITY[sdk=iphoneos*]" = "iPhone Developer";
				COPY_PHASE_STRIP = NO;
				DEBUG_INFORMATION_FORMAT = dwarf;
				ENABLE_STRICT_OBJC_MSGSEND = YES;
				ENABLE_TESTABILITY = YES;
				GCC_C_LANGUAGE_STANDARD = gnu99;
				GCC_DYNAMIC_NO_PIC = NO;
				GCC_NO_COMMON_BLOCKS = YES;
				GCC_OPTIMIZATION_LEVEL = 0;
				GCC_PREPROCESSOR_DEFINITIONS = (
					"DEBUG=1",
					"$(inherited)",
				);
				GCC_WARN_64_TO_32_BIT_CONVERSION = YES;
				GCC_WARN_ABOUT_RETURN_TYPE = YES_ERROR;
				GCC_WARN_UNDECLARED_SELECTOR = YES;
				GCC_WARN_UNINITIALIZED_AUTOS = YES_AGGRESSIVE;
				GCC_WARN_UNUSED_FUNCTION = YES;
				GCC_WARN_UNUSED_VARIABLE = YES;
				IPHONEOS_DEPLOYMENT_TARGET = 9.0;
				MTL_ENABLE_DEBUG_INFO = YES;
				ONLY_ACTIVE_ARCH = YES;
				SDKROOT = iphoneos;
				SWIFT_OPTIMIZATION_LEVEL = "-Onone";
				TARGETED_DEVICE_FAMILY = "1,2";
			};
			name = Debug;
		};
		7EF11BD91BB3939000A551CC /* Release */ = {
			isa = XCBuildConfiguration;
			buildSettings = {
				ALWAYS_SEARCH_USER_PATHS = NO;
				CLANG_CXX_LANGUAGE_STANDARD = "gnu++0x";
				CLANG_CXX_LIBRARY = "libc++";
				CLANG_ENABLE_MODULES = YES;
				CLANG_ENABLE_OBJC_ARC = YES;
				CLANG_WARN_BOOL_CONVERSION = YES;
				CLANG_WARN_CONSTANT_CONVERSION = YES;
				CLANG_WARN_DIRECT_OBJC_ISA_USAGE = YES_ERROR;
				CLANG_WARN_EMPTY_BODY = YES;
				CLANG_WARN_ENUM_CONVERSION = YES;
				CLANG_WARN_INT_CONVERSION = YES;
				CLANG_WARN_OBJC_ROOT_CLASS = YES_ERROR;
				CLANG_WARN_UNREACHABLE_CODE = YES;
				CLANG_WARN__DUPLICATE_METHOD_MATCH = YES;
				"CODE_SIGN_IDENTITY[sdk=iphoneos*]" = "iPhone Developer";
				COPY_PHASE_STRIP = NO;
				DEBUG_INFORMATION_FORMAT = "dwarf-with-dsym";
				ENABLE_NS_ASSERTIONS = NO;
				ENABLE_STRICT_OBJC_MSGSEND = YES;
				GCC_C_LANGUAGE_STANDARD = gnu99;
				GCC_NO_COMMON_BLOCKS = YES;
				GCC_WARN_64_TO_32_BIT_CONVERSION = YES;
				GCC_WARN_ABOUT_RETURN_TYPE = YES_ERROR;
				GCC_WARN_UNDECLARED_SELECTOR = YES;
				GCC_WARN_UNINITIALIZED_AUTOS = YES_AGGRESSIVE;
				GCC_WARN_UNUSED_FUNCTION = YES;
				GCC_WARN_UNUSED_VARIABLE = YES;
				IPHONEOS_DEPLOYMENT_TARGET = 9.0;
				MTL_ENABLE_DEBUG_INFO = NO;
				SDKROOT = iphoneos;
				TARGETED_DEVICE_FAMILY = "1,2";
				VALIDATE_PRODUCT = YES;
			};
			name = Release;
		};
		7EF11BDB1BB3939000A551CC /* Debug */ = {
			isa = XCBuildConfiguration;
			buildSettings = {
				ASSETCATALOG_COMPILER_APPICON_NAME = AppIcon;
				INFOPLIST_FILE = "iOS9-NewAPI-3DTouch-PeekAndPop-Example/Info.plist";
				LD_RUNPATH_SEARCH_PATHS = "$(inherited) @executable_path/Frameworks";
				PRODUCT_BUNDLE_IDENTIFIER = "com.sweefties.iOS9-NewAPI-3DTouch-PeekAndPop-Example";
				PRODUCT_NAME = "$(TARGET_NAME)";
			};
			name = Debug;
		};
		7EF11BDC1BB3939000A551CC /* Release */ = {
			isa = XCBuildConfiguration;
			buildSettings = {
				ASSETCATALOG_COMPILER_APPICON_NAME = AppIcon;
				INFOPLIST_FILE = "iOS9-NewAPI-3DTouch-PeekAndPop-Example/Info.plist";
				LD_RUNPATH_SEARCH_PATHS = "$(inherited) @executable_path/Frameworks";
				PRODUCT_BUNDLE_IDENTIFIER = "com.sweefties.iOS9-NewAPI-3DTouch-PeekAndPop-Example";
				PRODUCT_NAME = "$(TARGET_NAME)";
			};
			name = Release;
		};
/* End XCBuildConfiguration section */

/* Begin XCConfigurationList section */
		7EF11BC31BB3939000A551CC /* Build configuration list for PBXProject "iOS9-NewAPI-3DTouch-PeekAndPop-Example" */ = {
			isa = XCConfigurationList;
			buildConfigurations = (
				7EF11BD81BB3939000A551CC /* Debug */,
				7EF11BD91BB3939000A551CC /* Release */,
			);
			defaultConfigurationIsVisible = 0;
			defaultConfigurationName = Release;
		};
		7EF11BDA1BB3939000A551CC /* Build configuration list for PBXNativeTarget "iOS9-NewAPI-3DTouch-PeekAndPop-Example" */ = {
			isa = XCConfigurationList;
			buildConfigurations = (
				7EF11BDB1BB3939000A551CC /* Debug */,
				7EF11BDC1BB3939000A551CC /* Release */,
			);
			defaultConfigurationIsVisible = 0;
		};
/* End XCConfigurationList section */
	};
	rootObject = 7EF11BC01BB3939000A551CC /* Project object */;
}
